
Microsoft Visual Studio Solution File, Format Version 12.00
# Visual Studio 15
VisualStudioVersion = 15.0.27703.2042
MinimumVisualStudioVersion = 10.0.40219.1
Project("{FAE04EC0-301F-11D3-BF4B-00C04F79EFBC}") = "LegendTimer", "LegendTimer\LegendTimer.csproj", "{F6065CC2-9258-4C09-856D-59111D5FBC64}"
EndProject
Global
	GlobalSection(SolutionConfigurationPlatforms) = preSolution
		Debug|Any CPU = Debug|Any CPU
		Release|Any CPU = Release|Any CPU
	EndGlobalSection
	GlobalSection(ProjectConfigurationPlatforms) = postSolution
		{F6065CC2-9258-4C09-856D-59111D5FBC64}.Debug|Any CPU.ActiveCfg = Debug|Any CPU
		{F6065CC2-9258-4C09-856D-59111D5FBC64}.Debug|Any CPU.Build.0 = Debug|Any CPU
		{F6065CC2-9258-4C09-856D-59111D5FBC64}.Release|Any CPU.ActiveCfg = Release|Any CPU
		{F6065CC2-9258-4C09-856D-59111D5FBC64}.Release|Any CPU.Build.0 = Release|Any CPU
	EndGlobalSection
	GlobalSection(SolutionProperties) = preSolution
		HideSolutionNode = FALSE
	EndGlobalSection
	GlobalSection(ExtensibilityGlobals) = postSolution
		SolutionGuid = {E63E907E-EB9A-404A-B9CB-2E346E0D6E6E}
	EndGlobalSection
EndGlobal
